
Microsoft Visual Studio Solution File, Format Version 12.00
# Visual Studio Version 17
VisualStudioVersion = 17.4.33213.308
MinimumVisualStudioVersion = 10.0.40219.1
Project("{FAE04EC0-301F-11D3-BF4B-00C04F79EFBC}") = "PrimeNumberCalc", "PrimeNumberCalc\PrimeNumberCalc.csproj", "{7CBD1BC6-D5F3-407C-951B-B48A055F9ACA}"
EndProject
Global
	GlobalSection(SolutionConfigurationPlatforms) = preSolution
		Debug|Any CPU = Debug|Any CPU
		Release|Any CPU = Release|Any CPU
	EndGlobalSection
	GlobalSection(ProjectConfigurationPlatforms) = postSolution
		{7CBD1BC6-D5F3-407C-951B-B48A055F9ACA}.Debug|Any CPU.ActiveCfg = Debug|Any CPU
		{7CBD1BC6-D5F3-407C-951B-B48A055F9ACA}.Debug|Any CPU.Build.0 = Debug|Any CPU
		{7CBD1BC6-D5F3-407C-951B-B48A055F9ACA}.Release|Any CPU.ActiveCfg = Release|Any CPU
		{7CBD1BC6-D5F3-407C-951B-B48A055F9ACA}.Release|Any CPU.Build.0 = Release|Any CPU
	EndGlobalSection
	GlobalSection(SolutionProperties) = preSolution
		HideSolutionNode = FALSE
	EndGlobalSection
	GlobalSection(ExtensibilityGlobals) = postSolution
		SolutionGuid = {49F50B28-C239-49ED-AABA-C5E10533F3B5}
	EndGlobalSection
EndGlobal
